
Microsoft Visual Studio Solution File, Format Version 12.00
# Visual Studio 15
VisualStudioVersion = 15.0.28010.2041
MinimumVisualStudioVersion = 10.0.40219.1
Project("{FAE04EC0-301F-11D3-BF4B-00C04F79EFBC}") = "pract10_Form", "pract10_Form\pract10_Form.csproj", "{DE22E3C9-2864-4669-9D3A-168961F46B13}"
EndProject
Global
	GlobalSection(SolutionConfigurationPlatforms) = preSolution
		Debug|Any CPU = Debug|Any CPU
		Release|Any CPU = Release|Any CPU
	EndGlobalSection
	GlobalSection(ProjectConfigurationPlatforms) = postSolution
		{DE22E3C9-2864-4669-9D3A-168961F46B13}.Debug|Any CPU.ActiveCfg = Debug|Any CPU
		{DE22E3C9-2864-4669-9D3A-168961F46B13}.Debug|Any CPU.Build.0 = Debug|Any CPU
		{DE22E3C9-2864-4669-9D3A-168961F46B13}.Release|Any CPU.ActiveCfg = Release|Any CPU
		{DE22E3C9-2864-4669-9D3A-168961F46B13}.Release|Any CPU.Build.0 = Release|Any CPU
	EndGlobalSection
	GlobalSection(SolutionProperties) = preSolution
		HideSolutionNode = FALSE
	EndGlobalSection
	GlobalSection(ExtensibilityGlobals) = postSolution
		SolutionGuid = {7B7EA31F-36DE-4367-BA5D-2F17689BB824}
	EndGlobalSection
EndGlobal
